
Microsoft Visual Studio Solution File, Format Version 12.00
Project("{FAE04EC0-301F-11D3-BF4B-00C04F79EFBC}") = "CoinPulse.Core", "CoinPulse.Core\CoinPulse.Core.csproj", "{92A4ED46-22F6-45A2-BF21-32A2280DDBE3}"
EndProject
Project("{FAE04EC0-301F-11D3-BF4B-00C04F79EFBC}") = "CoinPulse.Services", "CoinPulse.Services\CoinPulse.Services.csproj", "{1F723D73-5378-4547-9EA3-9EC2691844B8}"
EndProject
Project("{FAE04EC0-301F-11D3-BF4B-00C04F79EFBC}") = "CoinPulse.UI", "CoinPulse.UI\CoinPulse.UI.csproj", "{F70C3248-E975-4CD9-AFCE-AE5202B95DA1}"
EndProject
Project("{FAE04EC0-301F-11D3-BF4B-00C04F79EFBC}") = "CoinPulse.Tests", "CoinPulse.Tests\CoinPulse.Tests.csproj", "{59A6F346-8D7E-42A5-A518-9333B5E9FF67}"
EndProject
Global
	GlobalSection(SolutionConfigurationPlatforms) = preSolution
		Debug|Any CPU = Debug|Any CPU
		Release|Any CPU = Release|Any CPU
	EndGlobalSection
	GlobalSection(ProjectConfigurationPlatforms) = postSolution
		{92A4ED46-22F6-45A2-BF21-32A2280DDBE3}.Debug|Any CPU.ActiveCfg = Debug|Any CPU
		{92A4ED46-22F6-45A2-BF21-32A2280DDBE3}.Debug|Any CPU.Build.0 = Debug|Any CPU
		{92A4ED46-22F6-45A2-BF21-32A2280DDBE3}.Release|Any CPU.ActiveCfg = Release|Any CPU
		{92A4ED46-22F6-45A2-BF21-32A2280DDBE3}.Release|Any CPU.Build.0 = Release|Any CPU
		{1F723D73-5378-4547-9EA3-9EC2691844B8}.Debug|Any CPU.ActiveCfg = Debug|Any CPU
		{1F723D73-5378-4547-9EA3-9EC2691844B8}.Debug|Any CPU.Build.0 = Debug|Any CPU
		{1F723D73-5378-4547-9EA3-9EC2691844B8}.Release|Any CPU.ActiveCfg = Release|Any CPU
		{1F723D73-5378-4547-9EA3-9EC2691844B8}.Release|Any CPU.Build.0 = Release|Any CPU
		{F70C3248-E975-4CD9-AFCE-AE5202B95DA1}.Debug|Any CPU.ActiveCfg = Debug|Any CPU
		{F70C3248-E975-4CD9-AFCE-AE5202B95DA1}.Debug|Any CPU.Build.0 = Debug|Any CPU
		{F70C3248-E975-4CD9-AFCE-AE5202B95DA1}.Release|Any CPU.ActiveCfg = Release|Any CPU
		{F70C3248-E975-4CD9-AFCE-AE5202B95DA1}.Release|Any CPU.Build.0 = Release|Any CPU
		{59A6F346-8D7E-42A5-A518-9333B5E9FF67}.Debug|Any CPU.ActiveCfg = Debug|Any CPU
		{59A6F346-8D7E-42A5-A518-9333B5E9FF67}.Debug|Any CPU.Build.0 = Debug|Any CPU
		{59A6F346-8D7E-42A5-A518-9333B5E9FF67}.Release|Any CPU.ActiveCfg = Release|Any CPU
		{59A6F346-8D7E-42A5-A518-9333B5E9FF67}.Release|Any CPU.Build.0 = Release|Any CPU
	EndGlobalSection
EndGlobal
